// !$*UTF8*$!
{
	archiveVersion = 1;
	classes = {
	};
	objectVersion = 46;
	objects = {

/* Begin PBXBuildFile section */
		2AB6CD1F1D3E5C0900DD6F1D /* AppDelegate.swift in Sources */ = {isa = PBXBuildFile; fileRef = 2AB6CD1E1D3E5C0900DD6F1D /* AppDelegate.swift */; };
		2AB6CD211D3E5C0900DD6F1D /* ViewController.swift in Sources */ = {isa = PBXBuildFile; fileRef = 2AB6CD201D3E5C0900DD6F1D /* ViewController.swift */; };
		2AB6CD241D3E5C0900DD6F1D /* Main.storyboard in Resources */ = {isa = PBXBuildFile; fileRef = 2AB6CD221D3E5C0900DD6F1D /* Main.storyboard */; };
		2AB6CD261D3E5C0900DD6F1D /* Assets.xcassets in Resources */ = {isa = PBXBuildFile; fileRef = 2AB6CD251D3E5C0900DD6F1D /* Assets.xcassets */; };
		2AB6CD291D3E5C0900DD6F1D /* LaunchScreen.storyboard in Resources */ = {isa = PBXBuildFile; fileRef = 2AB6CD271D3E5C0900DD6F1D /* LaunchScreen.storyboard */; };
		2AB6CD341D3E5C0900DD6F1D /* IamNPCTests.swift in Sources */ = {isa = PBXBuildFile; fileRef = 2AB6CD331D3E5C0900DD6F1D /* IamNPCTests.swift */; };
/* End PBXBuildFile section */

/* Begin PBXContainerItemProxy section */
		2AB6CD301D3E5C0900DD6F1D /* PBXContainerItemProxy */ = {
			isa = PBXContainerItemProxy;
			containerPortal = 2AB6CD131D3E5C0900DD6F1D /* Project object */;
			proxyType = 1;
			remoteGlobalIDString = 2AB6CD1A1D3E5C0900DD6F1D;
			remoteInfo = IamNPC;
		};
/* End PBXContainerItemProxy section */

/* Begin PBXFileReference section */
		2AB6CD1B1D3E5C0900DD6F1D /* IamNPC.app */ = {isa = PBXFileReference; explicitFileType = wrapper.application; includeInIndex = 0; path = IamNPC.app; sourceTree = BUILT_PRODUCTS_DIR; };
		2AB6CD1E1D3E5C0900DD6F1D /* AppDelegate.swift */ = {isa = PBXFileReference; lastKnownFileType = sourcecode.swift; path = AppDelegate.swift; sourceTree = "<group>"; };
		2AB6CD201D3E5C0900DD6F1D /* ViewController.swift */ = {isa = PBXFileReference; lastKnownFileType = sourcecode.swift; path = ViewController.swift; sourceTree = "<group>"; };
		2AB6CD231D3E5C0900DD6F1D /* Base */ = {isa = PBXFileReference; lastKnownFileType = file.storyboard; name = Base; path = Base.lproj/Main.storyboard; sourceTree = "<group>"; };
		2AB6CD251D3E5C0900DD6F1D /* Assets.xcassets */ = {isa = PBXFileReference; lastKnownFileType = folder.assetcatalog; path = Assets.xcassets; sourceTree = "<group>"; };
		2AB6CD281D3E5C0900DD6F1D /* Base */ = {isa = PBXFileReference; lastKnownFileType = file.storyboard; name = Base; path = Base.lproj/LaunchScreen.storyboard; sourceTree = "<group>"; };
		2AB6CD2A1D3E5C0900DD6F1D /* Info.plist */ = {isa = PBXFileReference; lastKnownFileType = text.plist.xml; path = Info.plist; sourceTree = "<group>"; };
		2AB6CD2F1D3E5C0900DD6F1D /* IamNPCTests.xctest */ = {isa = PBXFileReference; explicitFileType = wrapper.cfbundle; includeInIndex = 0; path = IamNPCTests.xctest; sourceTree = BUILT_PRODUCTS_DIR; };
		2AB6CD331D3E5C0900DD6F1D /* IamNPCTests.swift */ = {isa = PBXFileReference; lastKnownFileType = sourcecode.swift; path = IamNPCTests.swift; sourceTree = "<group>"; };
		2AB6CD351D3E5C0900DD6F1D /* Info.plist */ = {isa = PBXFileReference; lastKnownFileType = text.plist.xml; path = Info.plist; sourceTree = "<group>"; };
/* End PBXFileReference section */

/* Begin PBXFrameworksBuildPhase section */
		2AB6CD181D3E5C0900DD6F1D /* Frameworks */ = {
			isa = PBXFrameworksBuildPhase;
			buildActionMask = 2147483647;
			files = (
			);
			runOnlyForDeploymentPostprocessing = 0;
		};
		2AB6CD2C1D3E5C0900DD6F1D /* Frameworks */ = {
			isa = PBXFrameworksBuildPhase;
			buildActionMask = 2147483647;
			files = (
			);
			runOnlyForDeploymentPostprocessing = 0;
		};
/* End PBXFrameworksBuildPhase section */

/* Begin PBXGroup section */
		2AB6CD121D3E5C0900DD6F1D = {
			isa = PBXGroup;
			children = (
				2AB6CD1D1D3E5C0900DD6F1D /* IamNPC */,
				2AB6CD321D3E5C0900DD6F1D /* IamNPCTests */,
				2AB6CD1C1D3E5C0900DD6F1D /* Products */,
			);
			sourceTree = "<group>";
		};
		2AB6CD1C1D3E5C0900DD6F1D /* Products */ = {
			isa = PBXGroup;
			children = (
				2AB6CD1B1D3E5C0900DD6F1D /* IamNPC.app */,
				2AB6CD2F1D3E5C0900DD6F1D /* IamNPCTests.xctest */,
			);
			name = Products;
			sourceTree = "<group>";
		};
		2AB6CD1D1D3E5C0900DD6F1D /* IamNPC */ = {
			isa = PBXGroup;
			children = (
				2AB6CD1E1D3E5C0900DD6F1D /* AppDelegate.swift */,
				2AB6CD201D3E5C0900DD6F1D /* ViewController.swift */,
				2AB6CD221D3E5C0900DD6F1D /* Main.storyboard */,
				2AB6CD251D3E5C0900DD6F1D /* Assets.xcassets */,
				2AB6CD271D3E5C0900DD6F1D /* LaunchScreen.storyboard */,
				2AB6CD2A1D3E5C0900DD6F1D /* Info.plist */,
			);
			path = IamNPC;
			sourceTree = "<group>";
		};
		2AB6CD321D3E5C0900DD6F1D /* IamNPCTests */ = {
			isa = PBXGroup;
			children = (
				2AB6CD331D3E5C0900DD6F1D /* IamNPCTests.swift */,
				2AB6CD351D3E5C0900DD6F1D /* Info.plist */,
			);
			path = IamNPCTests;
			sourceTree = "<group>";
		};
/* End PBXGroup section */

/* Begin PBXNativeTarget section */
		2AB6CD1A1D3E5C0900DD6F1D /* IamNPC */ = {
			isa = PBXNativeTarget;
			buildConfigurationList = 2AB6CD381D3E5C0900DD6F1D /* Build configuration list for PBXNativeTarget "IamNPC" */;
			buildPhases = (
				2AB6CD171D3E5C0900DD6F1D /* Sources */,
				2AB6CD181D3E5C0900DD6F1D /* Frameworks */,
				2AB6CD191D3E5C0900DD6F1D /* Resources */,
			);
			buildRules = (
			);
			dependencies = (
			);
			name = IamNPC;
			productName = IamNPC;
			productReference = 2AB6CD1B1D3E5C0900DD6F1D /* IamNPC.app */;
			productType = "com.apple.product-type.application";
		};
		2AB6CD2E1D3E5C0900DD6F1D /* IamNPCTests */ = {
			isa = PBXNativeTarget;
			buildConfigurationList = 2AB6CD3B1D3E5C0900DD6F1D /* Build configuration list for PBXNativeTarget "IamNPCTests" */;
			buildPhases = (
				2AB6CD2B1D3E5C0900DD6F1D /* Sources */,
				2AB6CD2C1D3E5C0900DD6F1D /* Frameworks */,
				2AB6CD2D1D3E5C0900DD6F1D /* Resources */,
			);
			buildRules = (
			);
			dependencies = (
				2AB6CD311D3E5C0900DD6F1D /* PBXTargetDependency */,
			);
			name = IamNPCTests;
			productName = IamNPCTests;
			productReference = 2AB6CD2F1D3E5C0900DD6F1D /* IamNPCTests.xctest */;
			productType = "com.apple.product-type.bundle.unit-test";
		};
/* End PBXNativeTarget section */

/* Begin PBXProject section */
		2AB6CD131D3E5C0900DD6F1D /* Project object */ = {
			isa = PBXProject;
			attributes = {
				LastSwiftUpdateCheck = 0730;
				LastUpgradeCheck = 0730;
				ORGANIZATIONNAME = orangeince;
				TargetAttributes = {
					2AB6CD1A1D3E5C0900DD6F1D = {
						CreatedOnToolsVersion = 7.3.1;
						DevelopmentTeam = 3RD23MG297;
					};
					2AB6CD2E1D3E5C0900DD6F1D = {
						CreatedOnToolsVersion = 7.3.1;
						TestTargetID = 2AB6CD1A1D3E5C0900DD6F1D;
					};
				};
			};
			buildConfigurationList = 2AB6CD161D3E5C0900DD6F1D /* Build configuration list for PBXProject "IamNPC" */;
			compatibilityVersion = "Xcode 3.2";
			developmentRegion = English;
			hasScannedForEncodings = 0;
			knownRegions = (
				en,
				Base,
			);
			mainGroup = 2AB6CD121D3E5C0900DD6F1D;
			productRefGroup = 2AB6CD1C1D3E5C0900DD6F1D /* Products */;
			projectDirPath = "";
			projectRoot = "";
			targets = (
				2AB6CD1A1D3E5C0900DD6F1D /* IamNPC */,
				2AB6CD2E1D3E5C0900DD6F1D /* IamNPCTests */,
			);
		};
/* End PBXProject section */

/* Begin PBXResourcesBuildPhase section */
		2AB6CD191D3E5C0900DD6F1D /* Resources */ = {
			isa = PBXResourcesBuildPhase;
			buildActionMask = 2147483647;
			files = (
				2AB6CD291D3E5C0900DD6F1D /* LaunchScreen.storyboard in Resources */,
				2AB6CD261D3E5C0900DD6F1D /* Assets.xcassets in Resources */,
				2AB6CD241D3E5C0900DD6F1D /* Main.storyboard in Resources */,
			);
			runOnlyForDeploymentPostprocessing = 0;
		};
		2AB6CD2D1D3E5C0900DD6F1D /* Resources */ = {
			isa = PBXResourcesBuildPhase;
			buildActionMask = 2147483647;
			files = (
			);
			runOnlyForDeploymentPostprocessing = 0;
		};
/* End PBXResourcesBuildPhase section */

/* Begin PBXSourcesBuildPhase section */
		2AB6CD171D3E5C0900DD6F1D /* Sources */ = {
			isa = PBXSourcesBuildPhase;
			buildActionMask = 2147483647;
			files = (
				2AB6CD211D3E5C0900DD6F1D /* ViewController.swift in Sources */,
				2AB6CD1F1D3E5C0900DD6F1D /* AppDelegate.swift in Sources */,
			);
			runOnlyForDeploymentPostprocessing = 0;
		};
		2AB6CD2B1D3E5C0900DD6F1D /* Sources */ = {
			isa = PBXSourcesBuildPhase;
			buildActionMask = 2147483647;
			files = (
				2AB6CD341D3E5C0900DD6F1D /* IamNPCTests.swift in Sources */,
			);
			runOnlyForDeploymentPostprocessing = 0;
		};
/* End PBXSourcesBuildPhase section */

/* Begin PBXTargetDependency section */
		2AB6CD311D3E5C0900DD6F1D /* PBXTargetDependency */ = {
			isa = PBXTargetDependency;
			target = 2AB6CD1A1D3E5C0900DD6F1D /* IamNPC */;
			targetProxy = 2AB6CD301D3E5C0900DD6F1D /* PBXContainerItemProxy */;
		};
/* End PBXTargetDependency section */

/* Begin PBXVariantGroup section */
		2AB6CD221D3E5C0900DD6F1D /* Main.storyboard */ = {
			isa = PBXVariantGroup;
			children = (
				2AB6CD231D3E5C0900DD6F1D /* Base */,
			);
			name = Main.storyboard;
			sourceTree = "<group>";
		};
		2AB6CD271D3E5C0900DD6F1D /* LaunchScreen.storyboard */ = {
			isa = PBXVariantGroup;
			children = (
				2AB6CD281D3E5C0900DD6F1D /* Base */,
			);
			name = LaunchScreen.storyboard;
			sourceTree = "<group>";
		};
/* End PBXVariantGroup section */

/* Begin XCBuildConfiguration section */
		2AB6CD361D3E5C0900DD6F1D /* Debug */ = {
			isa = XCBuildConfiguration;
			buildSettings = {
				ALWAYS_SEARCH_USER_PATHS = NO;
				CLANG_ANALYZER_NONNULL = YES;
				CLANG_CXX_LANGUAGE_STANDARD = "gnu++0x";
				CLANG_CXX_LIBRARY = "libc++";
				CLANG_ENABLE_MODULES = YES;
				CLANG_ENABLE_OBJC_ARC = YES;
				CLANG_WARN_BOOL_CONVERSION = YES;
				CLANG_WARN_CONSTANT_CONVERSION = YES;
				CLANG_WARN_DIRECT_OBJC_ISA_USAGE = YES_ERROR;
				CLANG_WARN_EMPTY_BODY = YES;
				CLANG_WARN_ENUM_CONVERSION = YES;
				CLANG_WARN_INT_CONVERSION = YES;
				CLANG_WARN_OBJC_ROOT_CLASS = YES_ERROR;
				CLANG_WARN_UNREACHABLE_CODE = YES;
				CLANG_WARN__DUPLICATE_METHOD_MATCH = YES;
				"CODE_SIGN_IDENTITY[sdk=iphoneos*]" = "iPhone Developer";
				COPY_PHASE_STRIP = NO;
				DEBUG_INFORMATION_FORMAT = dwarf;
				ENABLE_STRICT_OBJC_MSGSEND = YES;
				ENABLE_TESTABILITY = YES;
				GCC_C_LANGUAGE_STANDARD = gnu99;
				GCC_DYNAMIC_NO_PIC = NO;
				GCC_NO_COMMON_BLOCKS = YES;
				GCC_OPTIMIZATION_LEVEL = 0;
				GCC_PREPROCESSOR_DEFINITIONS = (
					"DEBUG=1",
					"$(inherited)",
				);
				GCC_WARN_64_TO_32_BIT_CONVERSION = YES;
				GCC_WARN_ABOUT_RETURN_TYPE = YES_ERROR;
				GCC_WARN_UNDECLARED_SELECTOR = YES;
				GCC_WARN_UNINITIALIZED_AUTOS = YES_AGGRESSIVE;
				GCC_WARN_UNUSED_FUNCTION = YES;
				GCC_WARN_UNUSED_VARIABLE = YES;
				IPHONEOS_DEPLOYMENT_TARGET = 9.3;
				MTL_ENABLE_DEBUG_INFO = YES;
				ONLY_ACTIVE_ARCH = YES;
				SDKROOT = iphoneos;
				SWIFT_OPTIMIZATION_LEVEL = "-Onone";
			};
			name = Debug;
		};
		2AB6CD371D3E5C0900DD6F1D /* Release */ = {
			isa = XCBuildConfiguration;
			buildSettings = {
				ALWAYS_SEARCH_USER_PATHS = NO;
				CLANG_ANALYZER_NONNULL = YES;
				CLANG_CXX_LANGUAGE_STANDARD = "gnu++0x";
				CLANG_CXX_LIBRARY = "libc++";
				CLANG_ENABLE_MODULES = YES;
				CLANG_ENABLE_OBJC_ARC = YES;
				CLANG_WARN_BOOL_CONVERSION = YES;
				CLANG_WARN_CONSTANT_CONVERSION = YES;
				CLANG_WARN_DIRECT_OBJC_ISA_USAGE = YES_ERROR;
				CLANG_WARN_EMPTY_BODY = YES;
				CLANG_WARN_ENUM_CONVERSION = YES;
				CLANG_WARN_INT_CONVERSION = YES;
				CLANG_WARN_OBJC_ROOT_CLASS = YES_ERROR;
				CLANG_WARN_UNREACHABLE_CODE = YES;
				CLANG_WARN__DUPLICATE_METHOD_MATCH = YES;
				"CODE_SIGN_IDENTITY[sdk=iphoneos*]" = "iPhone Developer";
				COPY_PHASE_STRIP = NO;
				DEBUG_INFORMATION_FORMAT = "dwarf-with-dsym";
				ENABLE_NS_ASSERTIONS = NO;
				ENABLE_STRICT_OBJC_MSGSEND = YES;
				GCC_C_LANGUAGE_STANDARD = gnu99;
				GCC_NO_COMMON_BLOCKS = YES;
				GCC_WARN_64_TO_32_BIT_CONVERSION = YES;
				GCC_WARN_ABOUT_RETURN_TYPE = YES_ERROR;
				GCC_WARN_UNDECLARED_SELECTOR = YES;
				GCC_WARN_UNINITIALIZED_AUTOS = YES_AGGRESSIVE;
				GCC_WARN_UNUSED_FUNCTION = YES;
				GCC_WARN_UNUSED_VARIABLE = YES;
				IPHONEOS_DEPLOYMENT_TARGET = 9.3;
				MTL_ENABLE_DEBUG_INFO = NO;
				SDKROOT = iphoneos;
				VALIDATE_PRODUCT = YES;
			};
			name = Release;
		};
		2AB6CD391D3E5C0900DD6F1D /* Debug */ = {
			isa = XCBuildConfiguration;
			buildSettings = {
				ASSETCATALOG_COMPILER_APPICON_NAME = AppIcon;
				CODE_SIGN_IDENTITY = "iPhone Developer";
				"CODE_SIGN_IDENTITY[sdk=iphoneos*]" = "iPhone Developer";
				INFOPLIST_FILE = IamNPC/Info.plist;
				LD_RUNPATH_SEARCH_PATHS = "$(inherited) @executable_path/Frameworks";
				PRODUCT_BUNDLE_IDENTIFIER = com.orangeince.IamNPC;
				PRODUCT_NAME = "$(TARGET_NAME)";
				PROVISIONING_PROFILE = "";
			};
			name = Debug;
		};
		2AB6CD3A1D3E5C0900DD6F1D /* Release */ = {
			isa = XCBuildConfiguration;
			buildSettings = {
				ASSETCATALOG_COMPILER_APPICON_NAME = AppIcon;
				CODE_SIGN_IDENTITY = "iPhone Developer";
				"CODE_SIGN_IDENTITY[sdk=iphoneos*]" = "iPhone Developer";
				INFOPLIST_FILE = IamNPC/Info.plist;
				LD_RUNPATH_SEARCH_PATHS = "$(inherited) @executable_path/Frameworks";
				PRODUCT_BUNDLE_IDENTIFIER = com.orangeince.IamNPC;
				PRODUCT_NAME = "$(TARGET_NAME)";
				PROVISIONING_PROFILE = "";
			};
			name = Release;
		};
		2AB6CD3C1D3E5C0900DD6F1D /* Debug */ = {
			isa = XCBuildConfiguration;
			buildSettings = {
				BUNDLE_LOADER = "$(TEST_HOST)";
				INFOPLIST_FILE = IamNPCTests/Info.plist;
				LD_RUNPATH_SEARCH_PATHS = "$(inherited) @executable_path/Frameworks @loader_path/Frameworks";
				PRODUCT_BUNDLE_IDENTIFIER = com.orangeince.IamNPCTests;
				PRODUCT_NAME = "$(TARGET_NAME)";
				TEST_HOST = "$(BUILT_PRODUCTS_DIR)/IamNPC.app/IamNPC";
			};
			name = Debug;
		};
		2AB6CD3D1D3E5C0900DD6F1D /* Release */ = {
			isa = XCBuildConfiguration;
			buildSettings = {
				BUNDLE_LOADER = "$(TEST_HOST)";
				INFOPLIST_FILE = IamNPCTests/Info.plist;
				LD_RUNPATH_SEARCH_PATHS = "$(inherited) @executable_path/Frameworks @loader_path/Frameworks";
				PRODUCT_BUNDLE_IDENTIFIER = com.orangeince.IamNPCTests;
				PRODUCT_NAME = "$(TARGET_NAME)";
				TEST_HOST = "$(BUILT_PRODUCTS_DIR)/IamNPC.app/IamNPC";
			};
			name = Release;
		};
/* End XCBuildConfiguration section */

/* Begin XCConfigurationList section */
		2AB6CD161D3E5C0900DD6F1D /* Build configuration list for PBXProject "IamNPC" */ = {
			isa = XCConfigurationList;
			buildConfigurations = (
				2AB6CD361D3E5C0900DD6F1D /* Debug */,
				2AB6CD371D3E5C0900DD6F1D /* Release */,
			);
			defaultConfigurationIsVisible = 0;
			defaultConfigurationName = Release;
		};
		2AB6CD381D3E5C0900DD6F1D /* Build configuration list for PBXNativeTarget "IamNPC" */ = {
			isa = XCConfigurationList;
			buildConfigurations = (
				2AB6CD391D3E5C0900DD6F1D /* Debug */,
				2AB6CD3A1D3E5C0900DD6F1D /* Release */,
			);
			defaultConfigurationIsVisible = 0;
		};
		2AB6CD3B1D3E5C0900DD6F1D /* Build configuration list for PBXNativeTarget "IamNPCTests" */ = {
			isa = XCConfigurationList;
			buildConfigurations = (
				2AB6CD3C1D3E5C0900DD6F1D /* Debug */,
				2AB6CD3D1D3E5C0900DD6F1D /* Release */,
			);
			defaultConfigurationIsVisible = 0;
		};
/* End XCConfigurationList section */
	};
	rootObject = 2AB6CD131D3E5C0900DD6F1D /* Project object */;
}
